
Microsoft Visual Studio Solution File, Format Version 12.00
# Visual Studio Version 17
VisualStudioVersion = 17.14.36623.8
MinimumVisualStudioVersion = 10.0.40219.1
Project("{FAE04EC0-301F-11D3-BF4B-00C04F79EFBC}") = "TradingWatchlist.API", "TradingWatchlist.API\TradingWatchlist.API.csproj", "{50EAF0AB-9871-4DB4-A475-5B388DA65E29}"
EndProject
Project("{FAE04EC0-301F-11D3-BF4B-00C04F79EFBC}") = "TradingWatchlist.Core", "TradingWatchlist.Core\TradingWatchlist.Core.csproj", "{083F4D8B-DE33-D390-6785-F0FCDC2FA5F3}"
EndProject
Project("{FAE04EC0-301F-11D3-BF4B-00C04F79EFBC}") = "TradingWatchlist.Infrastructure", "TradingWatchlist.Infrastructure\TradingWatchlist.Infrastructure.csproj", "{1268C2B3-C779-B2FF-76AC-AA2285861365}"
EndProject
Project("{FAE04EC0-301F-11D3-BF4B-00C04F79EFBC}") = "TradingWatchlist.Tests", "TradingWatchlist.Tests\TradingWatchlist.Tests.csproj", "{6D6AC91F-80AC-414A-B9CB-10CA41AF7BE4}"
EndProject
Global
	GlobalSection(SolutionConfigurationPlatforms) = preSolution
		Debug|Any CPU = Debug|Any CPU
		Debug|x64 = Debug|x64
		Debug|x86 = Debug|x86
		Release|Any CPU = Release|Any CPU
		Release|x64 = Release|x64
		Release|x86 = Release|x86
	EndGlobalSection
	GlobalSection(ProjectConfigurationPlatforms) = postSolution
		{50EAF0AB-9871-4DB4-A475-5B388DA65E29}.Debug|Any CPU.ActiveCfg = Debug|Any CPU
		{50EAF0AB-9871-4DB4-A475-5B388DA65E29}.Debug|Any CPU.Build.0 = Debug|Any CPU
		{50EAF0AB-9871-4DB4-A475-5B388DA65E29}.Debug|x64.ActiveCfg = Debug|Any CPU
		{50EAF0AB-9871-4DB4-A475-5B388DA65E29}.Debug|x64.Build.0 = Debug|Any CPU
		{50EAF0AB-9871-4DB4-A475-5B388DA65E29}.Debug|x86.ActiveCfg = Debug|Any CPU
		{50EAF0AB-9871-4DB4-A475-5B388DA65E29}.Debug|x86.Build.0 = Debug|Any CPU
		{50EAF0AB-9871-4DB4-A475-5B388DA65E29}.Release|Any CPU.ActiveCfg = Release|Any CPU
		{50EAF0AB-9871-4DB4-A475-5B388DA65E29}.Release|Any CPU.Build.0 = Release|Any CPU
		{50EAF0AB-9871-4DB4-A475-5B388DA65E29}.Release|x64.ActiveCfg = Release|Any CPU
		{50EAF0AB-9871-4DB4-A475-5B388DA65E29}.Release|x64.Build.0 = Release|Any CPU
		{50EAF0AB-9871-4DB4-A475-5B388DA65E29}.Release|x86.ActiveCfg = Release|Any CPU
		{50EAF0AB-9871-4DB4-A475-5B388DA65E29}.Release|x86.Build.0 = Release|Any CPU
		{083F4D8B-DE33-D390-6785-F0FCDC2FA5F3}.Debug|Any CPU.ActiveCfg = Debug|Any CPU
		{083F4D8B-DE33-D390-6785-F0FCDC2FA5F3}.Debug|Any CPU.Build.0 = Debug|Any CPU
		{083F4D8B-DE33-D390-6785-F0FCDC2FA5F3}.Debug|x64.ActiveCfg = Debug|Any CPU
		{083F4D8B-DE33-D390-6785-F0FCDC2FA5F3}.Debug|x64.Build.0 = Debug|Any CPU
		{083F4D8B-DE33-D390-6785-F0FCDC2FA5F3}.Debug|x86.ActiveCfg = Debug|Any CPU
		{083F4D8B-DE33-D390-6785-F0FCDC2FA5F3}.Debug|x86.Build.0 = Debug|Any CPU
		{083F4D8B-DE33-D390-6785-F0FCDC2FA5F3}.Release|Any CPU.ActiveCfg = Release|Any CPU
		{083F4D8B-DE33-D390-6785-F0FCDC2FA5F3}.Release|Any CPU.Build.0 = Release|Any CPU
		{083F4D8B-DE33-D390-6785-F0FCDC2FA5F3}.Release|x64.ActiveCfg = Release|Any CPU
		{083F4D8B-DE33-D390-6785-F0FCDC2FA5F3}.Release|x64.Build.0 = Release|Any CPU
		{083F4D8B-DE33-D390-6785-F0FCDC2FA5F3}.Release|x86.ActiveCfg = Release|Any CPU
		{083F4D8B-DE33-D390-6785-F0FCDC2FA5F3}.Release|x86.Build.0 = Release|Any CPU
		{1268C2B3-C779-B2FF-76AC-AA2285861365}.Debug|Any CPU.ActiveCfg = Debug|Any CPU
		{1268C2B3-C779-B2FF-76AC-AA2285861365}.Debug|Any CPU.Build.0 = Debug|Any CPU
		{1268C2B3-C779-B2FF-76AC-AA2285861365}.Debug|x64.ActiveCfg = Debug|Any CPU
		{1268C2B3-C779-B2FF-76AC-AA2285861365}.Debug|x64.Build.0 = Debug|Any CPU
		{1268C2B3-C779-B2FF-76AC-AA2285861365}.Debug|x86.ActiveCfg = Debug|Any CPU
		{1268C2B3-C779-B2FF-76AC-AA2285861365}.Debug|x86.Build.0 = Debug|Any CPU
		{1268C2B3-C779-B2FF-76AC-AA2285861365}.Release|Any CPU.ActiveCfg = Release|Any CPU
		{1268C2B3-C779-B2FF-76AC-AA2285861365}.Release|Any CPU.Build.0 = Release|Any CPU
		{1268C2B3-C779-B2FF-76AC-AA2285861365}.Release|x64.ActiveCfg = Release|Any CPU
		{1268C2B3-C779-B2FF-76AC-AA2285861365}.Release|x64.Build.0 = Release|Any CPU
		{1268C2B3-C779-B2FF-76AC-AA2285861365}.Release|x86.ActiveCfg = Release|Any CPU
		{1268C2B3-C779-B2FF-76AC-AA2285861365}.Release|x86.Build.0 = Release|Any CPU
		{6D6AC91F-80AC-414A-B9CB-10CA41AF7BE4}.Debug|Any CPU.ActiveCfg = Debug|Any CPU
		{6D6AC91F-80AC-414A-B9CB-10CA41AF7BE4}.Debug|Any CPU.Build.0 = Debug|Any CPU
		{6D6AC91F-80AC-414A-B9CB-10CA41AF7BE4}.Debug|x64.ActiveCfg = Debug|Any CPU
		{6D6AC91F-80AC-414A-B9CB-10CA41AF7BE4}.Debug|x64.Build.0 = Debug|Any CPU
		{6D6AC91F-80AC-414A-B9CB-10CA41AF7BE4}.Debug|x86.ActiveCfg = Debug|Any CPU
		{6D6AC91F-80AC-414A-B9CB-10CA41AF7BE4}.Debug|x86.Build.0 = Debug|Any CPU
		{6D6AC91F-80AC-414A-B9CB-10CA41AF7BE4}.Release|Any CPU.ActiveCfg = Release|Any CPU
		{6D6AC91F-80AC-414A-B9CB-10CA41AF7BE4}.Release|Any CPU.Build.0 = Release|Any CPU
		{6D6AC91F-80AC-414A-B9CB-10CA41AF7BE4}.Release|x64.ActiveCfg = Release|Any CPU
		{6D6AC91F-80AC-414A-B9CB-10CA41AF7BE4}.Release|x64.Build.0 = Release|Any CPU
		{6D6AC91F-80AC-414A-B9CB-10CA41AF7BE4}.Release|x86.ActiveCfg = Release|Any CPU
		{6D6AC91F-80AC-414A-B9CB-10CA41AF7BE4}.Release|x86.Build.0 = Release|Any CPU
	EndGlobalSection
	GlobalSection(SolutionProperties) = preSolution
		HideSolutionNode = FALSE
	EndGlobalSection
	GlobalSection(ExtensibilityGlobals) = postSolution
		SolutionGuid = {CEE0BA8F-E227-4DE4-A113-823FADCF6420}
	EndGlobalSection
EndGlobal
